// !$*UTF8*$!
{
	archiveVersion = 1;
	classes = {
	};
	objectVersion = 46;
	objects = {

/* Begin PBXBuildFile section */
		18CD553D1709E5CF00ECF584 /* image_1.jpg in Resources */ = {isa = PBXBuildFile; fileRef = 18CD553B1709E5CF00ECF584 /* image_1.jpg */; };
		18CD553E1709E5CF00ECF584 /* image_2.jpg in Resources */ = {isa = PBXBuildFile; fileRef = 18CD553C1709E5CF00ECF584 /* image_2.jpg */; };
		18E66A3E170BCEB700E0740F /* icon.png in Resources */ = {isa = PBXBuildFile; fileRef = 18E66A3C170BCEB700E0740F /* icon.png */; };
		18E66A3F170BCEB700E0740F /* icon@2x.png in Resources */ = {isa = PBXBuildFile; fileRef = 18E66A3D170BCEB700E0740F /* icon@2x.png */; };
		18E67EB417057D9000DFAD63 /* UIKit.framework in Frameworks */ = {isa = PBXBuildFile; fileRef = 18E67EB317057D9000DFAD63 /* UIKit.framework */; };
		18E67EB617057D9000DFAD63 /* Foundation.framework in Frameworks */ = {isa = PBXBuildFile; fileRef = 18E67EB517057D9000DFAD63 /* Foundation.framework */; };
		18E67EB817057D9000DFAD63 /* CoreGraphics.framework in Frameworks */ = {isa = PBXBuildFile; fileRef = 18E67EB717057D9000DFAD63 /* CoreGraphics.framework */; };
		18E67EBE17057D9000DFAD63 /* InfoPlist.strings in Resources */ = {isa = PBXBuildFile; fileRef = 18E67EBC17057D9000DFAD63 /* InfoPlist.strings */; };
		18E67EC017057D9000DFAD63 /* main.m in Sources */ = {isa = PBXBuildFile; fileRef = 18E67EBF17057D9000DFAD63 /* main.m */; };
		18E67EC417057D9000DFAD63 /* AppDelegate.m in Sources */ = {isa = PBXBuildFile; fileRef = 18E67EC317057D9000DFAD63 /* AppDelegate.m */; };
		18E67EC617057D9000DFAD63 /* Default.png in Resources */ = {isa = PBXBuildFile; fileRef = 18E67EC517057D9000DFAD63 /* Default.png */; };
		18E67EC817057D9000DFAD63 /* Default@2x.png in Resources */ = {isa = PBXBuildFile; fileRef = 18E67EC717057D9000DFAD63 /* Default@2x.png */; };
		18E67ECA17057D9000DFAD63 /* Default-568h@2x.png in Resources */ = {isa = PBXBuildFile; fileRef = 18E67EC917057D9000DFAD63 /* Default-568h@2x.png */; };
		18E67ECD17057D9000DFAD63 /* SendMessageToWeiboViewController.m in Sources */ = {isa = PBXBuildFile; fileRef = 18E67ECC17057D9000DFAD63 /* SendMessageToWeiboViewController.m */; };
		642FFB7D19C0321A003BAA50 /* ImageIO.framework in Frameworks */ = {isa = PBXBuildFile; fileRef = 642FFB7C19C0321A003BAA50 /* ImageIO.framework */; };
		6439569B194AEE33005C9443 /* Security.framework in Frameworks */ = {isa = PBXBuildFile; fileRef = 6439569A194AEE33005C9443 /* Security.framework */; };
		649B8EEF19D160EC00A398A4 /* HttpRequestDemoTableViewController.m in Sources */ = {isa = PBXBuildFile; fileRef = 649B8EEE19D160EC00A398A4 /* HttpRequestDemoTableViewController.m */; };
		64A7C22619D3B323005463C3 /* libWeiboSDK.a in Frameworks */ = {isa = PBXBuildFile; fileRef = 64A7C22019D3B323005463C3 /* libWeiboSDK.a */; };
		64A7C22719D3B323005463C3 /* WeiboSDK.bundle in Resources */ = {isa = PBXBuildFile; fileRef = 64A7C22319D3B323005463C3 /* WeiboSDK.bundle */; };
		64AC051D1A19D95E00CF0568 /* QuartzCore.framework in Frameworks */ = {isa = PBXBuildFile; fileRef = 64AC051C1A19D95E00CF0568 /* QuartzCore.framework */; };
		64CC07F6194DCBC300F94BB8 /* SystemConfiguration.framework in Frameworks */ = {isa = PBXBuildFile; fileRef = 64CC07F5194DCBC300F94BB8 /* SystemConfiguration.framework */; };
		64FB915019D1168B00DA7598 /* Localizable.strings in Resources */ = {isa = PBXBuildFile; fileRef = 64FB915219D1168B00DA7598 /* Localizable.strings */; };
/* End PBXBuildFile section */

/* Begin PBXFileReference section */
		18CD553B1709E5CF00ECF584 /* image_1.jpg */ = {isa = PBXFileReference; lastKnownFileType = image.jpeg; path = image_1.jpg; sourceTree = "<group>"; };
		18CD553C1709E5CF00ECF584 /* image_2.jpg */ = {isa = PBXFileReference; lastKnownFileType = image.jpeg; path = image_2.jpg; sourceTree = "<group>"; };
		18E66A3C170BCEB700E0740F /* icon.png */ = {isa = PBXFileReference; lastKnownFileType = image.png; path = icon.png; sourceTree = "<group>"; };
		18E66A3D170BCEB700E0740F /* icon@2x.png */ = {isa = PBXFileReference; lastKnownFileType = image.png; path = "icon@2x.png"; sourceTree = "<group>"; };
		18E67EB017057D9000DFAD63 /* SDKDemo.app */ = {isa = PBXFileReference; explicitFileType = wrapper.application; includeInIndex = 0; path = SDKDemo.app; sourceTree = BUILT_PRODUCTS_DIR; };
		18E67EB317057D9000DFAD63 /* UIKit.framework */ = {isa = PBXFileReference; lastKnownFileType = wrapper.framework; name = UIKit.framework; path = System/Library/Frameworks/UIKit.framework; sourceTree = SDKROOT; };
		18E67EB517057D9000DFAD63 /* Foundation.framework */ = {isa = PBXFileReference; lastKnownFileType = wrapper.framework; name = Foundation.framework; path = System/Library/Frameworks/Foundation.framework; sourceTree = SDKROOT; };
		18E67EB717057D9000DFAD63 /* CoreGraphics.framework */ = {isa = PBXFileReference; lastKnownFileType = wrapper.framework; name = CoreGraphics.framework; path = System/Library/Frameworks/CoreGraphics.framework; sourceTree = SDKROOT; };
		18E67EBB17057D9000DFAD63 /* WeiboSDKDemo-Info.plist */ = {isa = PBXFileReference; lastKnownFileType = text.plist.xml; path = "WeiboSDKDemo-Info.plist"; sourceTree = "<group>"; };
		18E67EBD17057D9000DFAD63 /* en */ = {isa = PBXFileReference; lastKnownFileType = text.plist.strings; name = en; path = en.lproj/InfoPlist.strings; sourceTree = "<group>"; };
		18E67EBF17057D9000DFAD63 /* main.m */ = {isa = PBXFileReference; lastKnownFileType = sourcecode.c.objc; path = main.m; sourceTree = "<group>"; };
		18E67EC117057D9000DFAD63 /* WeiboSDKDemo-Prefix.pch */ = {isa = PBXFileReference; lastKnownFileType = sourcecode.c.h; path = "WeiboSDKDemo-Prefix.pch"; sourceTree = "<group>"; };
		18E67EC217057D9000DFAD63 /* AppDelegate.h */ = {isa = PBXFileReference; lastKnownFileType = sourcecode.c.h; path = AppDelegate.h; sourceTree = "<group>"; };
		18E67EC317057D9000DFAD63 /* AppDelegate.m */ = {isa = PBXFileReference; lastKnownFileType = sourcecode.c.objc; path = AppDelegate.m; sourceTree = "<group>"; };
		18E67EC517057D9000DFAD63 /* Default.png */ = {isa = PBXFileReference; lastKnownFileType = image.png; path = Default.png; sourceTree = "<group>"; };
		18E67EC717057D9000DFAD63 /* Default@2x.png */ = {isa = PBXFileReference; lastKnownFileType = image.png; path = "Default@2x.png"; sourceTree = "<group>"; };
		18E67EC917057D9000DFAD63 /* Default-568h@2x.png */ = {isa = PBXFileReference; lastKnownFileType = image.png; path = "Default-568h@2x.png"; sourceTree = "<group>"; };
		18E67ECB17057D9000DFAD63 /* SendMessageToWeiboViewController.h */ = {isa = PBXFileReference; lastKnownFileType = sourcecode.c.h; path = SendMessageToWeiboViewController.h; sourceTree = "<group>"; };
		18E67ECC17057D9000DFAD63 /* SendMessageToWeiboViewController.m */ = {isa = PBXFileReference; lastKnownFileType = sourcecode.c.objc; path = SendMessageToWeiboViewController.m; sourceTree = "<group>"; };
		642FFB7C19C0321A003BAA50 /* ImageIO.framework */ = {isa = PBXFileReference; lastKnownFileType = wrapper.framework; name = ImageIO.framework; path = System/Library/Frameworks/ImageIO.framework; sourceTree = SDKROOT; };
		6439569A194AEE33005C9443 /* Security.framework */ = {isa = PBXFileReference; lastKnownFileType = wrapper.framework; name = Security.framework; path = System/Library/Frameworks/Security.framework; sourceTree = SDKROOT; };
		6445F6B2194FD97900D86FAD /* WeiboSDK.bundle */ = {isa = PBXFileReference; lastKnownFileType = "wrapper.plug-in"; path = WeiboSDK.bundle; sourceTree = "<group>"; };
		649B8EED19D160EC00A398A4 /* HttpRequestDemoTableViewController.h */ = {isa = PBXFileReference; fileEncoding = 4; lastKnownFileType = sourcecode.c.h; path = HttpRequestDemoTableViewController.h; sourceTree = "<group>"; };
		649B8EEE19D160EC00A398A4 /* HttpRequestDemoTableViewController.m */ = {isa = PBXFileReference; fileEncoding = 4; lastKnownFileType = sourcecode.c.objc; path = HttpRequestDemoTableViewController.m; sourceTree = "<group>"; };
		64A7C22019D3B323005463C3 /* libWeiboSDK.a */ = {isa = PBXFileReference; lastKnownFileType = archive.ar; path = libWeiboSDK.a; sourceTree = "<group>"; };
		64A7C22119D3B323005463C3 /* WBHttpRequest+WeiboUser.h */ = {isa = PBXFileReference; fileEncoding = 4; lastKnownFileType = sourcecode.c.h; path = "WBHttpRequest+WeiboUser.h"; sourceTree = "<group>"; };
		64A7C22219D3B323005463C3 /* WBHttpRequest.h */ = {isa = PBXFileReference; fileEncoding = 4; lastKnownFileType = sourcecode.c.h; path = WBHttpRequest.h; sourceTree = "<group>"; };
		64A7C22319D3B323005463C3 /* WeiboSDK.bundle */ = {isa = PBXFileReference; lastKnownFileType = "wrapper.plug-in"; path = WeiboSDK.bundle; sourceTree = "<group>"; };
		64A7C22419D3B323005463C3 /* WeiboSDK.h */ = {isa = PBXFileReference; fileEncoding = 4; lastKnownFileType = sourcecode.c.h; path = WeiboSDK.h; sourceTree = "<group>"; };
		64A7C22519D3B323005463C3 /* WeiboUser.h */ = {isa = PBXFileReference; fileEncoding = 4; lastKnownFileType = sourcecode.c.h; path = WeiboUser.h; sourceTree = "<group>"; };
		64AC05161A19D7A500CF0568 /* WBHttpRequest+WeiboShare.h */ = {isa = PBXFileReference; fileEncoding = 4; lastKnownFileType = sourcecode.c.h; path = "WBHttpRequest+WeiboShare.h"; sourceTree = "<group>"; };
		64AC05171A19D7A500CF0568 /* WBHttpRequest+WeiboToken.h */ = {isa = PBXFileReference; fileEncoding = 4; lastKnownFileType = sourcecode.c.h; path = "WBHttpRequest+WeiboToken.h"; sourceTree = "<group>"; };
		64AC05181A19D7A500CF0568 /* WBSDKCommentButton.h */ = {isa = PBXFileReference; fileEncoding = 4; lastKnownFileType = sourcecode.c.h; path = WBSDKCommentButton.h; sourceTree = "<group>"; };
		64AC05191A19D7A500CF0568 /* WBSDKRelationshipButton.h */ = {isa = PBXFileReference; fileEncoding = 4; lastKnownFileType = sourcecode.c.h; path = WBSDKRelationshipButton.h; sourceTree = "<group>"; };
		64AC051A1A19D8DD00CF0568 /* WBSDKBasicButton.h */ = {isa = PBXFileReference; fileEncoding = 4; lastKnownFileType = sourcecode.c.h; path = WBSDKBasicButton.h; sourceTree = "<group>"; };
		64AC051C1A19D95E00CF0568 /* QuartzCore.framework */ = {isa = PBXFileReference; lastKnownFileType = wrapper.framework; name = QuartzCore.framework; path = System/Library/Frameworks/QuartzCore.framework; sourceTree = SDKROOT; };
		64CC07F5194DCBC300F94BB8 /* SystemConfiguration.framework */ = {isa = PBXFileReference; lastKnownFileType = wrapper.framework; name = SystemConfiguration.framework; path = System/Library/Frameworks/SystemConfiguration.framework; sourceTree = SDKROOT; };
		64CC07F7194DCDED00F94BB8 /* AdSupport.framework */ = {isa = PBXFileReference; lastKnownFileType = wrapper.framework; name = AdSupport.framework; path = System/Library/Frameworks/AdSupport.framework; sourceTree = SDKROOT; };
		64FB915119D1168B00DA7598 /* en */ = {isa = PBXFileReference; lastKnownFileType = text.plist.strings; name = en; path = en.lproj/Localizable.strings; sourceTree = "<group>"; };
		64FB915319D1169700DA7598 /* zh-Hans */ = {isa = PBXFileReference; lastKnownFileType = text.plist.strings; name = "zh-Hans"; path = "zh-Hans.lproj/Localizable.strings"; sourceTree = "<group>"; };
/* End PBXFileReference section */

/* Begin PBXFrameworksBuildPhase section */
		18E67EAD17057D8F00DFAD63 /* Frameworks */ = {
			isa = PBXFrameworksBuildPhase;
			buildActionMask = 2147483647;
			files = (
				64AC051D1A19D95E00CF0568 /* QuartzCore.framework in Frameworks */,
				642FFB7D19C0321A003BAA50 /* ImageIO.framework in Frameworks */,
				64CC07F6194DCBC300F94BB8 /* SystemConfiguration.framework in Frameworks */,
				64A7C22619D3B323005463C3 /* libWeiboSDK.a in Frameworks */,
				6439569B194AEE33005C9443 /* Security.framework in Frameworks */,
				18E67EB417057D9000DFAD63 /* UIKit.framework in Frameworks */,
				18E67EB617057D9000DFAD63 /* Foundation.framework in Frameworks */,
				18E67EB817057D9000DFAD63 /* CoreGraphics.framework in Frameworks */,
			);
			runOnlyForDeploymentPostprocessing = 0;
		};
/* End PBXFrameworksBuildPhase section */

/* Begin PBXGroup section */
		18E67EA717057D8F00DFAD63 = {
			isa = PBXGroup;
			children = (
				64A7C21F19D3B323005463C3 /* libWeiboSDK */,
				18E67EB917057D9000DFAD63 /* WeiboSDKDemo */,
				18E67EB217057D9000DFAD63 /* Frameworks */,
				18E67EB117057D9000DFAD63 /* Products */,
			);
			sourceTree = "<group>";
		};
		18E67EB117057D9000DFAD63 /* Products */ = {
			isa = PBXGroup;
			children = (
				18E67EB017057D9000DFAD63 /* SDKDemo.app */,
			);
			name = Products;
			sourceTree = "<group>";
		};
		18E67EB217057D9000DFAD63 /* Frameworks */ = {
			isa = PBXGroup;
			children = (
				64AC051C1A19D95E00CF0568 /* QuartzCore.framework */,
				642FFB7C19C0321A003BAA50 /* ImageIO.framework */,
				64CC07F7194DCDED00F94BB8 /* AdSupport.framework */,
				64CC07F5194DCBC300F94BB8 /* SystemConfiguration.framework */,
				6439569A194AEE33005C9443 /* Security.framework */,
				18E67EB317057D9000DFAD63 /* UIKit.framework */,
				18E67EB517057D9000DFAD63 /* Foundation.framework */,
				18E67EB717057D9000DFAD63 /* CoreGraphics.framework */,
			);
			name = Frameworks;
			sourceTree = "<group>";
		};
		18E67EB917057D9000DFAD63 /* WeiboSDKDemo */ = {
			isa = PBXGroup;
			children = (
				18E67EC217057D9000DFAD63 /* AppDelegate.h */,
				18E67EC317057D9000DFAD63 /* AppDelegate.m */,
				649B8EED19D160EC00A398A4 /* HttpRequestDemoTableViewController.h */,
				649B8EEE19D160EC00A398A4 /* HttpRequestDemoTableViewController.m */,
				18E67ECB17057D9000DFAD63 /* SendMessageToWeiboViewController.h */,
				18E67ECC17057D9000DFAD63 /* SendMessageToWeiboViewController.m */,
				18E67EBA17057D9000DFAD63 /* Supporting Files */,
			);
			path = WeiboSDKDemo;
			sourceTree = "<group>";
		};
		18E67EBA17057D9000DFAD63 /* Supporting Files */ = {
			isa = PBXGroup;
			children = (
				6445F6B2194FD97900D86FAD /* WeiboSDK.bundle */,
				18E66A3C170BCEB700E0740F /* icon.png */,
				18E66A3D170BCEB700E0740F /* icon@2x.png */,
				18CD553B1709E5CF00ECF584 /* image_1.jpg */,
				18CD553C1709E5CF00ECF584 /* image_2.jpg */,
				18E67EBB17057D9000DFAD63 /* WeiboSDKDemo-Info.plist */,
				18E67EBC17057D9000DFAD63 /* InfoPlist.strings */,
				18E67EBF17057D9000DFAD63 /* main.m */,
				18E67EC117057D9000DFAD63 /* WeiboSDKDemo-Prefix.pch */,
				18E67EC517057D9000DFAD63 /* Default.png */,
				18E67EC717057D9000DFAD63 /* Default@2x.png */,
				18E67EC917057D9000DFAD63 /* Default-568h@2x.png */,
				64FB915219D1168B00DA7598 /* Localizable.strings */,
			);
			name = "Supporting Files";
			sourceTree = "<group>";
		};
		64A7C21F19D3B323005463C3 /* libWeiboSDK */ = {
			isa = PBXGroup;
			children = (
				64A7C22019D3B323005463C3 /* libWeiboSDK.a */,
				64AC05161A19D7A500CF0568 /* WBHttpRequest+WeiboShare.h */,
				64AC05171A19D7A500CF0568 /* WBHttpRequest+WeiboToken.h */,
				64AC051A1A19D8DD00CF0568 /* WBSDKBasicButton.h */,
				64AC05181A19D7A500CF0568 /* WBSDKCommentButton.h */,
				64AC05191A19D7A500CF0568 /* WBSDKRelationshipButton.h */,
				64A7C22119D3B323005463C3 /* WBHttpRequest+WeiboUser.h */,
				64A7C22219D3B323005463C3 /* WBHttpRequest.h */,
				64A7C22319D3B323005463C3 /* WeiboSDK.bundle */,
				64A7C22419D3B323005463C3 /* WeiboSDK.h */,
				64A7C22519D3B323005463C3 /* WeiboUser.h */,
			);
			path = libWeiboSDK;
			sourceTree = "<group>";
		};
/* End PBXGroup section */

/* Begin PBXNativeTarget section */
		18E67EAF17057D8F00DFAD63 /* WeiboSDKLibDemo */ = {
			isa = PBXNativeTarget;
			buildConfigurationList = 18E67ED317057D9000DFAD63 /* Build configuration list for PBXNativeTarget "WeiboSDKLibDemo" */;
			buildPhases = (
				18E67EAC17057D8F00DFAD63 /* Sources */,
				18E67EAD17057D8F00DFAD63 /* Frameworks */,
				18E67EAE17057D8F00DFAD63 /* Resources */,
			);
			buildRules = (
			);
			dependencies = (
			);
			name = WeiboSDKLibDemo;
			productName = WeiboSDKDemo;
			productReference = 18E67EB017057D9000DFAD63 /* SDKDemo.app */;
			productType = "com.apple.product-type.application";
		};
/* End PBXNativeTarget section */

/* Begin PBXProject section */
		18E67EA817057D8F00DFAD63 /* Project object */ = {
			isa = PBXProject;
			attributes = {
				LastUpgradeCheck = 0460;
				ORGANIZATIONNAME = "SINA iOS Team";
				TargetAttributes = {
					18E67EAF17057D8F00DFAD63 = {
						DevelopmentTeam = 93KUUP9B5K;
					};
				};
			};
			buildConfigurationList = 18E67EAB17057D8F00DFAD63 /* Build configuration list for PBXProject "WeiboSDKLibDemo" */;
			compatibilityVersion = "Xcode 3.2";
			developmentRegion = English;
			hasScannedForEncodings = 0;
			knownRegions = (
				en,
				"zh-Hans",
			);
			mainGroup = 18E67EA717057D8F00DFAD63;
			productRefGroup = 18E67EB117057D9000DFAD63 /* Products */;
			projectDirPath = "";
			projectRoot = "";
			targets = (
				18E67EAF17057D8F00DFAD63 /* WeiboSDKLibDemo */,
			);
		};
/* End PBXProject section */

/* Begin PBXResourcesBuildPhase section */
		18E67EAE17057D8F00DFAD63 /* Resources */ = {
			isa = PBXResourcesBuildPhase;
			buildActionMask = 2147483647;
			files = (
				18E67EBE17057D9000DFAD63 /* InfoPlist.strings in Resources */,
				18E67EC617057D9000DFAD63 /* Default.png in Resources */,
				18E67EC817057D9000DFAD63 /* Default@2x.png in Resources */,
				18E67ECA17057D9000DFAD63 /* Default-568h@2x.png in Resources */,
				18CD553D1709E5CF00ECF584 /* image_1.jpg in Resources */,
				64FB915019D1168B00DA7598 /* Localizable.strings in Resources */,
				18CD553E1709E5CF00ECF584 /* image_2.jpg in Resources */,
				64A7C22719D3B323005463C3 /* WeiboSDK.bundle in Resources */,
				18E66A3E170BCEB700E0740F /* icon.png in Resources */,
				18E66A3F170BCEB700E0740F /* icon@2x.png in Resources */,
			);
			runOnlyForDeploymentPostprocessing = 0;
		};
/* End PBXResourcesBuildPhase section */

/* Begin PBXSourcesBuildPhase section */
		18E67EAC17057D8F00DFAD63 /* Sources */ = {
			isa = PBXSourcesBuildPhase;
			buildActionMask = 2147483647;
			files = (
				649B8EEF19D160EC00A398A4 /* HttpRequestDemoTableViewController.m in Sources */,
				18E67EC017057D9000DFAD63 /* main.m in Sources */,
				18E67EC417057D9000DFAD63 /* AppDelegate.m in Sources */,
				18E67ECD17057D9000DFAD63 /* SendMessageToWeiboViewController.m in Sources */,
			);
			runOnlyForDeploymentPostprocessing = 0;
		};
/* End PBXSourcesBuildPhase section */

/* Begin PBXVariantGroup section */
		18E67EBC17057D9000DFAD63 /* InfoPlist.strings */ = {
			isa = PBXVariantGroup;
			children = (
				18E67EBD17057D9000DFAD63 /* en */,
			);
			name = InfoPlist.strings;
			sourceTree = "<group>";
		};
		64FB915219D1168B00DA7598 /* Localizable.strings */ = {
			isa = PBXVariantGroup;
			children = (
				64FB915119D1168B00DA7598 /* en */,
				64FB915319D1169700DA7598 /* zh-Hans */,
			);
			name = Localizable.strings;
			sourceTree = "<group>";
		};
/* End PBXVariantGroup section */

/* Begin XCBuildConfiguration section */
		18E67ED117057D9000DFAD63 /* Debug */ = {
			isa = XCBuildConfiguration;
			buildSettings = {
				ALWAYS_SEARCH_USER_PATHS = NO;
				CLANG_CXX_LANGUAGE_STANDARD = "gnu++0x";
				CLANG_CXX_LIBRARY = "libc++";
				CLANG_WARN_CONSTANT_CONVERSION = YES;
				CLANG_WARN_EMPTY_BODY = YES;
				CLANG_WARN_ENUM_CONVERSION = YES;
				CLANG_WARN_INT_CONVERSION = YES;
				CLANG_WARN__DUPLICATE_METHOD_MATCH = YES;
				"CODE_SIGN_IDENTITY[sdk=iphoneos*]" = "iPhone Developer";
				COPY_PHASE_STRIP = NO;
				GCC_C_LANGUAGE_STANDARD = gnu99;
				GCC_DYNAMIC_NO_PIC = NO;
				GCC_OPTIMIZATION_LEVEL = 0;
				GCC_PREPROCESSOR_DEFINITIONS = (
					"DEBUG=1",
					"$(inherited)",
				);
				GCC_SYMBOLS_PRIVATE_EXTERN = NO;
				GCC_WARN_ABOUT_RETURN_TYPE = YES;
				GCC_WARN_UNINITIALIZED_AUTOS = YES;
				GCC_WARN_UNUSED_VARIABLE = YES;
				IPHONEOS_DEPLOYMENT_TARGET = 6.1;
				ONLY_ACTIVE_ARCH = YES;
				SDKROOT = iphoneos;
			};
			name = Debug;
		};
		18E67ED217057D9000DFAD63 /* Release */ = {
			isa = XCBuildConfiguration;
			buildSettings = {
				ALWAYS_SEARCH_USER_PATHS = NO;
				CLANG_CXX_LANGUAGE_STANDARD = "gnu++0x";
				CLANG_CXX_LIBRARY = "libc++";
				CLANG_WARN_CONSTANT_CONVERSION = YES;
				CLANG_WARN_EMPTY_BODY = YES;
				CLANG_WARN_ENUM_CONVERSION = YES;
				CLANG_WARN_INT_CONVERSION = YES;
				CLANG_WARN__DUPLICATE_METHOD_MATCH = YES;
				"CODE_SIGN_IDENTITY[sdk=iphoneos*]" = "iPhone Developer";
				COPY_PHASE_STRIP = YES;
				GCC_C_LANGUAGE_STANDARD = gnu99;
				GCC_WARN_ABOUT_RETURN_TYPE = YES;
				GCC_WARN_UNINITIALIZED_AUTOS = YES;
				GCC_WARN_UNUSED_VARIABLE = YES;
				IPHONEOS_DEPLOYMENT_TARGET = 6.1;
				OTHER_CFLAGS = "-DNS_BLOCK_ASSERTIONS=1";
				SDKROOT = iphoneos;
				VALIDATE_PRODUCT = YES;
			};
			name = Release;
		};
		18E67ED417057D9000DFAD63 /* Debug */ = {
			isa = XCBuildConfiguration;
			buildSettings = {
				"CODE_SIGN_ENTITLEMENTS[sdk=*]" = "";
				CODE_SIGN_IDENTITY = "iPhone Developer: Wei Cheng (P9KMJ2UFM6)";
				GCC_PRECOMPILE_PREFIX_HEADER = YES;
				GCC_PREFIX_HEADER = "WeiboSDKDemo/WeiboSDKDemo-Prefix.pch";
				INFOPLIST_FILE = "WeiboSDKDemo/WeiboSDKDemo-Info.plist";
				IPHONEOS_DEPLOYMENT_TARGET = 6.0;
				LIBRARY_SEARCH_PATHS = (
					"$(inherited)",
					"$(PROJECT_DIR)/libWeiboSDK",
				);
				ONLY_ACTIVE_ARCH = NO;
				OTHER_LDFLAGS = "-all_load";
				PRODUCT_NAME = SDKDemo;
				PROVISIONING_PROFILE = "888aea8f-75ed-438c-a546-829aa2f53b19";
				TARGETED_DEVICE_FAMILY = "1,2";
				USER_HEADER_SEARCH_PATHS = "";
				VALID_ARCHS = "armv7 armv7s i386 arm64 x86_64";
				WRAPPER_EXTENSION = app;
			};
			name = Debug;
		};
		18E67ED517057D9000DFAD63 /* Release */ = {
			isa = XCBuildConfiguration;
			buildSettings = {
				CODE_SIGN_IDENTITY = "iPhone Distribution: Sina.Com Technology (China) Co., Ltd.";
				"CODE_SIGN_IDENTITY[sdk=iphoneos*]" = "iPhone Distribution: Sina.Com Technology (China) Co., Ltd.";
				GCC_PRECOMPILE_PREFIX_HEADER = YES;
				GCC_PREFIX_HEADER = "WeiboSDKDemo/WeiboSDKDemo-Prefix.pch";
				INFOPLIST_FILE = "WeiboSDKDemo/WeiboSDKDemo-Info.plist";
				IPHONEOS_DEPLOYMENT_TARGET = 6.0;
				LIBRARY_SEARCH_PATHS = (
					"$(inherited)",
					"$(PROJECT_DIR)/libWeiboSDK",
				);
				OTHER_LDFLAGS = "-all_load";
				PRODUCT_NAME = SDKDemo;
				PROVISIONING_PROFILE = "68651D66-3D0A-4B4B-9223-B15F00149092";
				"PROVISIONING_PROFILE[sdk=iphoneos*]" = "68651D66-3D0A-4B4B-9223-B15F00149092";
				TARGETED_DEVICE_FAMILY = "1,2";
				USER_HEADER_SEARCH_PATHS = "";
				VALID_ARCHS = "armv7 armv7s i386 arm64 x86_64";
				WRAPPER_EXTENSION = app;
			};
			name = Release;
		};
/* End XCBuildConfiguration section */

/* Begin XCConfigurationList section */
		18E67EAB17057D8F00DFAD63 /* Build configuration list for PBXProject "WeiboSDKLibDemo" */ = {
			isa = XCConfigurationList;
			buildConfigurations = (
				18E67ED117057D9000DFAD63 /* Debug */,
				18E67ED217057D9000DFAD63 /* Release */,
			);
			defaultConfigurationIsVisible = 0;
			defaultConfigurationName = Release;
		};
		18E67ED317057D9000DFAD63 /* Build configuration list for PBXNativeTarget "WeiboSDKLibDemo" */ = {
			isa = XCConfigurationList;
			buildConfigurations = (
				18E67ED417057D9000DFAD63 /* Debug */,
				18E67ED517057D9000DFAD63 /* Release */,
			);
			defaultConfigurationIsVisible = 0;
			defaultConfigurationName = Release;
		};
/* End XCConfigurationList section */
	};
	rootObject = 18E67EA817057D8F00DFAD63 /* Project object */;
}
